
Microsoft Visual Studio Solution File, Format Version 12.00
# Visual Studio 2012
Project("{FAE04EC0-301F-11D3-BF4B-00C04F79EFBC}") = "View", "View\View.csproj", "{3331BA50-F60B-4A93-8994-C73FB0D17BAF}"
EndProject
Project("{FAE04EC0-301F-11D3-BF4B-00C04F79EFBC}") = "Model", "Model\Model.csproj", "{8A2E6F95-C074-42FC-9BE5-6F7AC4D3273B}"
EndProject
Project("{FAE04EC0-301F-11D3-BF4B-00C04F79EFBC}") = "ViewModel", "ViewModel\ViewModel.csproj", "{D3C1D066-D895-46FF-8DD6-9F3F26C4FA70}"
EndProject
Global
	GlobalSection(SolutionConfigurationPlatforms) = preSolution
		Debug|Any CPU = Debug|Any CPU
		Debug|ARM = Debug|ARM
		Debug|x86 = Debug|x86
		Release|Any CPU = Release|Any CPU
		Release|ARM = Release|ARM
		Release|x86 = Release|x86
	EndGlobalSection
	GlobalSection(ProjectConfigurationPlatforms) = postSolution
		{3331BA50-F60B-4A93-8994-C73FB0D17BAF}.Debug|Any CPU.ActiveCfg = Debug|Any CPU
		{3331BA50-F60B-4A93-8994-C73FB0D17BAF}.Debug|Any CPU.Build.0 = Debug|Any CPU
		{3331BA50-F60B-4A93-8994-C73FB0D17BAF}.Debug|Any CPU.Deploy.0 = Debug|Any CPU
		{3331BA50-F60B-4A93-8994-C73FB0D17BAF}.Debug|ARM.ActiveCfg = Debug|ARM
		{3331BA50-F60B-4A93-8994-C73FB0D17BAF}.Debug|ARM.Build.0 = Debug|ARM
		{3331BA50-F60B-4A93-8994-C73FB0D17BAF}.Debug|ARM.Deploy.0 = Debug|ARM
		{3331BA50-F60B-4A93-8994-C73FB0D17BAF}.Debug|x86.ActiveCfg = Debug|x86
		{3331BA50-F60B-4A93-8994-C73FB0D17BAF}.Debug|x86.Build.0 = Debug|x86
		{3331BA50-F60B-4A93-8994-C73FB0D17BAF}.Debug|x86.Deploy.0 = Debug|x86
		{3331BA50-F60B-4A93-8994-C73FB0D17BAF}.Release|Any CPU.ActiveCfg = Release|Any CPU
		{3331BA50-F60B-4A93-8994-C73FB0D17BAF}.Release|Any CPU.Build.0 = Release|Any CPU
		{3331BA50-F60B-4A93-8994-C73FB0D17BAF}.Release|Any CPU.Deploy.0 = Release|Any CPU
		{3331BA50-F60B-4A93-8994-C73FB0D17BAF}.Release|ARM.ActiveCfg = Release|ARM
		{3331BA50-F60B-4A93-8994-C73FB0D17BAF}.Release|ARM.Build.0 = Release|ARM
		{3331BA50-F60B-4A93-8994-C73FB0D17BAF}.Release|ARM.Deploy.0 = Release|ARM
		{3331BA50-F60B-4A93-8994-C73FB0D17BAF}.Release|x86.ActiveCfg = Release|x86
		{3331BA50-F60B-4A93-8994-C73FB0D17BAF}.Release|x86.Build.0 = Release|x86
		{3331BA50-F60B-4A93-8994-C73FB0D17BAF}.Release|x86.Deploy.0 = Release|x86
		{8A2E6F95-C074-42FC-9BE5-6F7AC4D3273B}.Debug|Any CPU.ActiveCfg = Debug|Any CPU
		{8A2E6F95-C074-42FC-9BE5-6F7AC4D3273B}.Debug|Any CPU.Build.0 = Debug|Any CPU
		{8A2E6F95-C074-42FC-9BE5-6F7AC4D3273B}.Debug|ARM.ActiveCfg = Debug|ARM
		{8A2E6F95-C074-42FC-9BE5-6F7AC4D3273B}.Debug|ARM.Build.0 = Debug|ARM
		{8A2E6F95-C074-42FC-9BE5-6F7AC4D3273B}.Debug|x86.ActiveCfg = Debug|x86
		{8A2E6F95-C074-42FC-9BE5-6F7AC4D3273B}.Debug|x86.Build.0 = Debug|x86
		{8A2E6F95-C074-42FC-9BE5-6F7AC4D3273B}.Release|Any CPU.ActiveCfg = Release|Any CPU
		{8A2E6F95-C074-42FC-9BE5-6F7AC4D3273B}.Release|Any CPU.Build.0 = Release|Any CPU
		{8A2E6F95-C074-42FC-9BE5-6F7AC4D3273B}.Release|ARM.ActiveCfg = Release|ARM
		{8A2E6F95-C074-42FC-9BE5-6F7AC4D3273B}.Release|ARM.Build.0 = Release|ARM
		{8A2E6F95-C074-42FC-9BE5-6F7AC4D3273B}.Release|x86.ActiveCfg = Release|x86
		{8A2E6F95-C074-42FC-9BE5-6F7AC4D3273B}.Release|x86.Build.0 = Release|x86
		{D3C1D066-D895-46FF-8DD6-9F3F26C4FA70}.Debug|Any CPU.ActiveCfg = Debug|Any CPU
		{D3C1D066-D895-46FF-8DD6-9F3F26C4FA70}.Debug|Any CPU.Build.0 = Debug|Any CPU
		{D3C1D066-D895-46FF-8DD6-9F3F26C4FA70}.Debug|ARM.ActiveCfg = Debug|ARM
		{D3C1D066-D895-46FF-8DD6-9F3F26C4FA70}.Debug|ARM.Build.0 = Debug|ARM
		{D3C1D066-D895-46FF-8DD6-9F3F26C4FA70}.Debug|x86.ActiveCfg = Debug|x86
		{D3C1D066-D895-46FF-8DD6-9F3F26C4FA70}.Debug|x86.Build.0 = Debug|x86
		{D3C1D066-D895-46FF-8DD6-9F3F26C4FA70}.Release|Any CPU.ActiveCfg = Release|Any CPU
		{D3C1D066-D895-46FF-8DD6-9F3F26C4FA70}.Release|Any CPU.Build.0 = Release|Any CPU
		{D3C1D066-D895-46FF-8DD6-9F3F26C4FA70}.Release|ARM.ActiveCfg = Release|ARM
		{D3C1D066-D895-46FF-8DD6-9F3F26C4FA70}.Release|ARM.Build.0 = Release|ARM
		{D3C1D066-D895-46FF-8DD6-9F3F26C4FA70}.Release|x86.ActiveCfg = Release|x86
		{D3C1D066-D895-46FF-8DD6-9F3F26C4FA70}.Release|x86.Build.0 = Release|x86
	EndGlobalSection
	GlobalSection(SolutionProperties) = preSolution
		HideSolutionNode = FALSE
	EndGlobalSection
EndGlobal
