
Microsoft Visual Studio Solution File, Format Version 12.00
# Visual Studio 2012
Project("{FAE04EC0-301F-11D3-BF4B-00C04F79EFBC}") = "Flick Gesture Example", "Flick Gesture Example.csproj", "{B70727F4-2937-4619-BF6C-715C1CF4742C}"
EndProject
Global
	GlobalSection(SolutionConfigurationPlatforms) = preSolution
		Debug|Any CPU = Debug|Any CPU
		Release|Any CPU = Release|Any CPU
	EndGlobalSection
	GlobalSection(ProjectConfigurationPlatforms) = postSolution
		{B70727F4-2937-4619-BF6C-715C1CF4742C}.Debug|Any CPU.ActiveCfg = Debug|Any CPU
		{B70727F4-2937-4619-BF6C-715C1CF4742C}.Debug|Any CPU.Build.0 = Debug|Any CPU
		{B70727F4-2937-4619-BF6C-715C1CF4742C}.Debug|Any CPU.Deploy.0 = Debug|Any CPU
		{B70727F4-2937-4619-BF6C-715C1CF4742C}.Release|Any CPU.ActiveCfg = Release|Any CPU
		{B70727F4-2937-4619-BF6C-715C1CF4742C}.Release|Any CPU.Build.0 = Release|Any CPU
		{B70727F4-2937-4619-BF6C-715C1CF4742C}.Release|Any CPU.Deploy.0 = Release|Any CPU
	EndGlobalSection
	GlobalSection(SolutionProperties) = preSolution
		HideSolutionNode = FALSE
	EndGlobalSection
EndGlobal
