
Microsoft Visual Studio Solution File, Format Version 12.00
# Visual Studio 2012
Project("{FAE04EC0-301F-11D3-BF4B-00C04F79EFBC}") = "UsingCommandsWithMenuItem", "UsingCommandsWithMenuItem\UsingCommandsWithMenuItem.csproj", "{026A73F2-8052-4DB9-B727-BF13DE3A0F8C}"
EndProject
Global
	GlobalSection(SolutionConfigurationPlatforms) = preSolution
		Debug|Any CPU = Debug|Any CPU
		Debug|ARM = Debug|ARM
		Debug|x86 = Debug|x86
		Release|Any CPU = Release|Any CPU
		Release|ARM = Release|ARM
		Release|x86 = Release|x86
	EndGlobalSection
	GlobalSection(ProjectConfigurationPlatforms) = postSolution
		{026A73F2-8052-4DB9-B727-BF13DE3A0F8C}.Debug|Any CPU.ActiveCfg = Debug|Any CPU
		{026A73F2-8052-4DB9-B727-BF13DE3A0F8C}.Debug|Any CPU.Build.0 = Debug|Any CPU
		{026A73F2-8052-4DB9-B727-BF13DE3A0F8C}.Debug|Any CPU.Deploy.0 = Debug|Any CPU
		{026A73F2-8052-4DB9-B727-BF13DE3A0F8C}.Debug|ARM.ActiveCfg = Debug|ARM
		{026A73F2-8052-4DB9-B727-BF13DE3A0F8C}.Debug|ARM.Build.0 = Debug|ARM
		{026A73F2-8052-4DB9-B727-BF13DE3A0F8C}.Debug|ARM.Deploy.0 = Debug|ARM
		{026A73F2-8052-4DB9-B727-BF13DE3A0F8C}.Debug|x86.ActiveCfg = Debug|x86
		{026A73F2-8052-4DB9-B727-BF13DE3A0F8C}.Debug|x86.Build.0 = Debug|x86
		{026A73F2-8052-4DB9-B727-BF13DE3A0F8C}.Debug|x86.Deploy.0 = Debug|x86
		{026A73F2-8052-4DB9-B727-BF13DE3A0F8C}.Release|Any CPU.ActiveCfg = Release|Any CPU
		{026A73F2-8052-4DB9-B727-BF13DE3A0F8C}.Release|Any CPU.Build.0 = Release|Any CPU
		{026A73F2-8052-4DB9-B727-BF13DE3A0F8C}.Release|Any CPU.Deploy.0 = Release|Any CPU
		{026A73F2-8052-4DB9-B727-BF13DE3A0F8C}.Release|ARM.ActiveCfg = Release|ARM
		{026A73F2-8052-4DB9-B727-BF13DE3A0F8C}.Release|ARM.Build.0 = Release|ARM
		{026A73F2-8052-4DB9-B727-BF13DE3A0F8C}.Release|ARM.Deploy.0 = Release|ARM
		{026A73F2-8052-4DB9-B727-BF13DE3A0F8C}.Release|x86.ActiveCfg = Release|x86
		{026A73F2-8052-4DB9-B727-BF13DE3A0F8C}.Release|x86.Build.0 = Release|x86
		{026A73F2-8052-4DB9-B727-BF13DE3A0F8C}.Release|x86.Deploy.0 = Release|x86
	EndGlobalSection
	GlobalSection(SolutionProperties) = preSolution
		HideSolutionNode = FALSE
	EndGlobalSection
EndGlobal
