
Microsoft Visual Studio Solution File, Format Version 12.00
# Visual Studio 2012
Project("{FAE04EC0-301F-11D3-BF4B-00C04F79EFBC}") = "AutoCompleteBoxTypeAhead", "AutoCompleteBoxTypeAhead\AutoCompleteBoxTypeAhead.csproj", "{FFC94E3E-4ADA-4ED1-98BB-B6014BD7900B}"
EndProject
Global
	GlobalSection(SolutionConfigurationPlatforms) = preSolution
		Debug|Any CPU = Debug|Any CPU
		Debug|ARM = Debug|ARM
		Debug|x86 = Debug|x86
		Release|Any CPU = Release|Any CPU
		Release|ARM = Release|ARM
		Release|x86 = Release|x86
	EndGlobalSection
	GlobalSection(ProjectConfigurationPlatforms) = postSolution
		{FFC94E3E-4ADA-4ED1-98BB-B6014BD7900B}.Debug|Any CPU.ActiveCfg = Debug|Any CPU
		{FFC94E3E-4ADA-4ED1-98BB-B6014BD7900B}.Debug|Any CPU.Build.0 = Debug|Any CPU
		{FFC94E3E-4ADA-4ED1-98BB-B6014BD7900B}.Debug|Any CPU.Deploy.0 = Debug|Any CPU
		{FFC94E3E-4ADA-4ED1-98BB-B6014BD7900B}.Debug|ARM.ActiveCfg = Debug|ARM
		{FFC94E3E-4ADA-4ED1-98BB-B6014BD7900B}.Debug|ARM.Build.0 = Debug|ARM
		{FFC94E3E-4ADA-4ED1-98BB-B6014BD7900B}.Debug|ARM.Deploy.0 = Debug|ARM
		{FFC94E3E-4ADA-4ED1-98BB-B6014BD7900B}.Debug|x86.ActiveCfg = Debug|x86
		{FFC94E3E-4ADA-4ED1-98BB-B6014BD7900B}.Debug|x86.Build.0 = Debug|x86
		{FFC94E3E-4ADA-4ED1-98BB-B6014BD7900B}.Debug|x86.Deploy.0 = Debug|x86
		{FFC94E3E-4ADA-4ED1-98BB-B6014BD7900B}.Release|Any CPU.ActiveCfg = Release|Any CPU
		{FFC94E3E-4ADA-4ED1-98BB-B6014BD7900B}.Release|Any CPU.Build.0 = Release|Any CPU
		{FFC94E3E-4ADA-4ED1-98BB-B6014BD7900B}.Release|Any CPU.Deploy.0 = Release|Any CPU
		{FFC94E3E-4ADA-4ED1-98BB-B6014BD7900B}.Release|ARM.ActiveCfg = Release|ARM
		{FFC94E3E-4ADA-4ED1-98BB-B6014BD7900B}.Release|ARM.Build.0 = Release|ARM
		{FFC94E3E-4ADA-4ED1-98BB-B6014BD7900B}.Release|ARM.Deploy.0 = Release|ARM
		{FFC94E3E-4ADA-4ED1-98BB-B6014BD7900B}.Release|x86.ActiveCfg = Release|x86
		{FFC94E3E-4ADA-4ED1-98BB-B6014BD7900B}.Release|x86.Build.0 = Release|x86
		{FFC94E3E-4ADA-4ED1-98BB-B6014BD7900B}.Release|x86.Deploy.0 = Release|x86
	EndGlobalSection
	GlobalSection(SolutionProperties) = preSolution
		HideSolutionNode = FALSE
	EndGlobalSection
EndGlobal
