
Microsoft Visual Studio Solution File, Format Version 12.00
# Visual Studio 2012
Project("{FAE04EC0-301F-11D3-BF4B-00C04F79EFBC}") = "StylingAControlWithTemplates", "StylingAControlWithTemplates\StylingAControlWithTemplates.csproj", "{868e528d-746a-4b11-8d2f-2ead08fc7af9}"
EndProject
Global
	GlobalSection(SolutionConfigurationPlatforms) = preSolution
		Debug|Any CPU = Debug|Any CPU
		Release|Any CPU = Release|Any CPU
	EndGlobalSection
	GlobalSection(ProjectConfigurationPlatforms) = postSolution
		{868E528D-746A-4B11-8D2F-2EAD08FC7AF9}.Debug|Any CPU.ActiveCfg = Debug|Any CPU
		{868E528D-746A-4B11-8D2F-2EAD08FC7AF9}.Debug|Any CPU.Build.0 = Debug|Any CPU
		{868E528D-746A-4B11-8D2F-2EAD08FC7AF9}.Debug|Any CPU.Deploy.0 = Debug|Any CPU
		{868E528D-746A-4B11-8D2F-2EAD08FC7AF9}.Release|Any CPU.ActiveCfg = Release|Any CPU
		{868E528D-746A-4B11-8D2F-2EAD08FC7AF9}.Release|Any CPU.Build.0 = Release|Any CPU
		{868E528D-746A-4B11-8D2F-2EAD08FC7AF9}.Release|Any CPU.Deploy.0 = Release|Any CPU
	EndGlobalSection
EndGlobal
